
Microsoft Visual Studio Solution File, Format Version 12.00
# Visual Studio 14
VisualStudioVersion = 14.0.25123.0
MinimumVisualStudioVersion = 10.0.40219.1
Project("{FAE04EC0-301F-11D3-BF4B-00C04F79EFBC}") = "UserStorage", "UserStorage\UserStorage.csproj", "{A9DBBA89-CECB-4A7A-B257-41E68ECCC2AA}"
EndProject
Project("{FAE04EC0-301F-11D3-BF4B-00C04F79EFBC}") = "IDGenerator", "IDGenerator\IDGenerator.csproj", "{7A192C03-0F8F-4A5D-BE00-8322A173DF3D}"
EndProject
Project("{FAE04EC0-301F-11D3-BF4B-00C04F79EFBC}") = "Validator", "Validator\Validator.csproj", "{63227A8D-686F-45E0-BB70-D786B0155516}"
EndProject
Project("{FAE04EC0-301F-11D3-BF4B-00C04F79EFBC}") = "DAL", "DAL\DAL.csproj", "{E0ECA86F-085A-4BBA-86AC-7348FE448299}"
EndProject
Project("{FAE04EC0-301F-11D3-BF4B-00C04F79EFBC}") = "Client", "Client\Client.csproj", "{F4CDBDFD-B1A4-4BB5-B444-04BA921C17F1}"
EndProject
Project("{FAE04EC0-301F-11D3-BF4B-00C04F79EFBC}") = "CompositionRoot", "CompositionRoot\CompositionRoot.csproj", "{4807FEFB-EE6E-49DA-B050-9162BBC7CF64}"
EndProject
Project("{FAE04EC0-301F-11D3-BF4B-00C04F79EFBC}") = "Validator.Tests", "Validator.Tests\Validator.Tests.csproj", "{0A8E6AE3-B934-4C94-854E-70F14A29860B}"
EndProject
Project("{FAE04EC0-301F-11D3-BF4B-00C04F79EFBC}") = "IDGenerator.Tests", "IDGenerator.Tests\IDGenerator.Tests.csproj", "{138913F1-E0FB-43F0-991B-60FCF16E10BD}"
EndProject
Project("{FAE04EC0-301F-11D3-BF4B-00C04F79EFBC}") = "UserStorage.Tests", "UserStorage.Tests\UserStorage.Tests.csproj", "{5C6726C8-BC76-472C-9896-B614E4977823}"
EndProject
Project("{FAE04EC0-301F-11D3-BF4B-00C04F79EFBC}") = "SystemConfigurator", "SystemConfigurator\SystemConfigurator.csproj", "{089BBE2D-F5E5-49FD-8EF8-BA1E16344AD6}"
EndProject
Project("{FAE04EC0-301F-11D3-BF4B-00C04F79EFBC}") = "Server", "Server\Server.csproj", "{22ECF8C0-BB16-4699-9829-EFA08894E355}"
EndProject
Global
	GlobalSection(SolutionConfigurationPlatforms) = preSolution
		Debug|Any CPU = Debug|Any CPU
		Release|Any CPU = Release|Any CPU
	EndGlobalSection
	GlobalSection(ProjectConfigurationPlatforms) = postSolution
		{A9DBBA89-CECB-4A7A-B257-41E68ECCC2AA}.Debug|Any CPU.ActiveCfg = Debug|Any CPU
		{A9DBBA89-CECB-4A7A-B257-41E68ECCC2AA}.Debug|Any CPU.Build.0 = Debug|Any CPU
		{A9DBBA89-CECB-4A7A-B257-41E68ECCC2AA}.Release|Any CPU.ActiveCfg = Release|Any CPU
		{A9DBBA89-CECB-4A7A-B257-41E68ECCC2AA}.Release|Any CPU.Build.0 = Release|Any CPU
		{7A192C03-0F8F-4A5D-BE00-8322A173DF3D}.Debug|Any CPU.ActiveCfg = Debug|Any CPU
		{7A192C03-0F8F-4A5D-BE00-8322A173DF3D}.Debug|Any CPU.Build.0 = Debug|Any CPU
		{7A192C03-0F8F-4A5D-BE00-8322A173DF3D}.Release|Any CPU.ActiveCfg = Release|Any CPU
		{7A192C03-0F8F-4A5D-BE00-8322A173DF3D}.Release|Any CPU.Build.0 = Release|Any CPU
		{63227A8D-686F-45E0-BB70-D786B0155516}.Debug|Any CPU.ActiveCfg = Debug|Any CPU
		{63227A8D-686F-45E0-BB70-D786B0155516}.Debug|Any CPU.Build.0 = Debug|Any CPU
		{63227A8D-686F-45E0-BB70-D786B0155516}.Release|Any CPU.ActiveCfg = Release|Any CPU
		{63227A8D-686F-45E0-BB70-D786B0155516}.Release|Any CPU.Build.0 = Release|Any CPU
		{E0ECA86F-085A-4BBA-86AC-7348FE448299}.Debug|Any CPU.ActiveCfg = Debug|Any CPU
		{E0ECA86F-085A-4BBA-86AC-7348FE448299}.Debug|Any CPU.Build.0 = Debug|Any CPU
		{E0ECA86F-085A-4BBA-86AC-7348FE448299}.Release|Any CPU.ActiveCfg = Release|Any CPU
		{E0ECA86F-085A-4BBA-86AC-7348FE448299}.Release|Any CPU.Build.0 = Release|Any CPU
		{F4CDBDFD-B1A4-4BB5-B444-04BA921C17F1}.Debug|Any CPU.ActiveCfg = Debug|Any CPU
		{F4CDBDFD-B1A4-4BB5-B444-04BA921C17F1}.Debug|Any CPU.Build.0 = Debug|Any CPU
		{F4CDBDFD-B1A4-4BB5-B444-04BA921C17F1}.Release|Any CPU.ActiveCfg = Release|Any CPU
		{F4CDBDFD-B1A4-4BB5-B444-04BA921C17F1}.Release|Any CPU.Build.0 = Release|Any CPU
		{4807FEFB-EE6E-49DA-B050-9162BBC7CF64}.Debug|Any CPU.ActiveCfg = Debug|Any CPU
		{4807FEFB-EE6E-49DA-B050-9162BBC7CF64}.Debug|Any CPU.Build.0 = Debug|Any CPU
		{4807FEFB-EE6E-49DA-B050-9162BBC7CF64}.Release|Any CPU.ActiveCfg = Release|Any CPU
		{4807FEFB-EE6E-49DA-B050-9162BBC7CF64}.Release|Any CPU.Build.0 = Release|Any CPU
		{0A8E6AE3-B934-4C94-854E-70F14A29860B}.Debug|Any CPU.ActiveCfg = Debug|Any CPU
		{0A8E6AE3-B934-4C94-854E-70F14A29860B}.Debug|Any CPU.Build.0 = Debug|Any CPU
		{0A8E6AE3-B934-4C94-854E-70F14A29860B}.Release|Any CPU.ActiveCfg = Release|Any CPU
		{0A8E6AE3-B934-4C94-854E-70F14A29860B}.Release|Any CPU.Build.0 = Release|Any CPU
		{138913F1-E0FB-43F0-991B-60FCF16E10BD}.Debug|Any CPU.ActiveCfg = Debug|Any CPU
		{138913F1-E0FB-43F0-991B-60FCF16E10BD}.Debug|Any CPU.Build.0 = Debug|Any CPU
		{138913F1-E0FB-43F0-991B-60FCF16E10BD}.Release|Any CPU.ActiveCfg = Release|Any CPU
		{138913F1-E0FB-43F0-991B-60FCF16E10BD}.Release|Any CPU.Build.0 = Release|Any CPU
		{5C6726C8-BC76-472C-9896-B614E4977823}.Debug|Any CPU.ActiveCfg = Debug|Any CPU
		{5C6726C8-BC76-472C-9896-B614E4977823}.Debug|Any CPU.Build.0 = Debug|Any CPU
		{5C6726C8-BC76-472C-9896-B614E4977823}.Release|Any CPU.ActiveCfg = Release|Any CPU
		{5C6726C8-BC76-472C-9896-B614E4977823}.Release|Any CPU.Build.0 = Release|Any CPU
		{089BBE2D-F5E5-49FD-8EF8-BA1E16344AD6}.Debug|Any CPU.ActiveCfg = Debug|Any CPU
		{089BBE2D-F5E5-49FD-8EF8-BA1E16344AD6}.Debug|Any CPU.Build.0 = Debug|Any CPU
		{089BBE2D-F5E5-49FD-8EF8-BA1E16344AD6}.Release|Any CPU.ActiveCfg = Release|Any CPU
		{089BBE2D-F5E5-49FD-8EF8-BA1E16344AD6}.Release|Any CPU.Build.0 = Release|Any CPU
		{22ECF8C0-BB16-4699-9829-EFA08894E355}.Debug|Any CPU.ActiveCfg = Debug|Any CPU
		{22ECF8C0-BB16-4699-9829-EFA08894E355}.Debug|Any CPU.Build.0 = Debug|Any CPU
		{22ECF8C0-BB16-4699-9829-EFA08894E355}.Release|Any CPU.ActiveCfg = Release|Any CPU
		{22ECF8C0-BB16-4699-9829-EFA08894E355}.Release|Any CPU.Build.0 = Release|Any CPU
	EndGlobalSection
	GlobalSection(SolutionProperties) = preSolution
		HideSolutionNode = FALSE
	EndGlobalSection
EndGlobal
